PATH
  remote: .
  specs:
    es-dsl (0.1.0)

GEM
  remote: https://rubygems.org/
  specs:
    base64 (0.3.0)
    drb (2.2.3)
    minitest (6.0.2)
      drb (~> 2.0)
      prism (~> 1.5)
    prism (1.9.0)

PLATFORMS
  arm64-darwin-22
  ruby
  x86-mingw32

DEPENDENCIES
  base64
  es-dsl!
  minitest (>= 5)

CHECKSUMS
  base64 (0.3.0) sha256=27337aeabad6ffae05c265c450490628ef3ebd4b67be58257393227588f5a97b
  drb (2.2.3) sha256=0b00d6fdb50995fe4a45dea13663493c841112e4068656854646f418fda13373
  es-dsl (0.1.0)
  minitest (6.0.2) sha256=db6e57956f6ecc6134683b4c87467d6dd792323c7f0eea7b93f66bd284adbc3d
  prism (1.9.0) sha256=7b530c6a9f92c24300014919c9dcbc055bf4cdf51ec30aed099b06cd6674ef85

BUNDLED WITH
  4.0.9
